
Microsoft Visual Studio Solution File, Format Version 12.00
# Visual Studio 15
VisualStudioVersion = 15.0.26124.0
MinimumVisualStudioVersion = 15.0.26124.0
Project("{FAE04EC0-301F-11D3-BF4B-00C04F79EFBC}") = "OrderCommon", "src\OrderCommon\OrderCommon.csproj", "{7FB45CC5-9CA4-4DC0-BA79-0F9D916AE943}"
EndProject
Project("{FAE04EC0-301F-11D3-BF4B-00C04F79EFBC}") = "Order.Api", "src\Order.Api\Order.Api.csproj", "{7C33B3E3-E512-43B4-8489-AAAD06FD2575}"
EndProject
Project("{FAE04EC0-301F-11D3-BF4B-00C04F79EFBC}") = "OrderSaga.Service", "src\OrderSaga.Service\OrderSaga.Service.csproj", "{5F00A36D-1DDF-4E5C-9593-24EAC344A693}"
EndProject
Project("{FAE04EC0-301F-11D3-BF4B-00C04F79EFBC}") = "OrderSaga", "src\OrderSaga\OrderSaga.csproj", "{FA1A246E-183C-4718-9AD9-53D0B972A4D2}"
EndProject
Project("{FAE04EC0-301F-11D3-BF4B-00C04F79EFBC}") = "Payment.Service", "src\Payment.Service\Payment.Service.csproj", "{D125446D-E682-4FB5-A794-6B7634937DF2}"
EndProject
Project("{FAE04EC0-301F-11D3-BF4B-00C04F79EFBC}") = "Stock.Service", "src\Stock.Service\Stock.Service.csproj", "{0E4EEC3F-E0B6-4111-A5C3-4C205F6A4583}"
EndProject
Project("{FAE04EC0-301F-11D3-BF4B-00C04F79EFBC}") = "Order.Service", "src\Order.Service\Order.Service.csproj", "{0330E041-65D7-42FC-959A-B1C3E2CC317C}"
EndProject
Project("{FAE04EC0-301F-11D3-BF4B-00C04F79EFBC}") = "OrderSaga.Tests", "tests\OrderSaga.Tests\OrderSaga.Tests.csproj", "{EC3A8E9B-7AE3-4547-A19C-3541D411240F}"
EndProject
Project("{2150E333-8FDC-42A3-9474-1A3956D46DE8}") = "Libs", "Libs", "{9594B07E-424D-4A14-B3F2-63D6223626CF}"
EndProject
Project("{2150E333-8FDC-42A3-9474-1A3956D46DE8}") = "Apps", "Apps", "{45F86648-E7CF-4B40-A8E1-315EA25488AC}"
EndProject
Project("{2150E333-8FDC-42A3-9474-1A3956D46DE8}") = "Tests", "Tests", "{B99B4177-1368-4A46-8155-00A8662210BD}"
EndProject
Global
	GlobalSection(SolutionConfigurationPlatforms) = preSolution
		Debug|Any CPU = Debug|Any CPU
		Debug|x64 = Debug|x64
		Debug|x86 = Debug|x86
		Release|Any CPU = Release|Any CPU
		Release|x64 = Release|x64
		Release|x86 = Release|x86
	EndGlobalSection
	GlobalSection(SolutionProperties) = preSolution
		HideSolutionNode = FALSE
	EndGlobalSection
	GlobalSection(ProjectConfigurationPlatforms) = postSolution
		{7FB45CC5-9CA4-4DC0-BA79-0F9D916AE943}.Debug|Any CPU.ActiveCfg = Debug|Any CPU
		{7FB45CC5-9CA4-4DC0-BA79-0F9D916AE943}.Debug|Any CPU.Build.0 = Debug|Any CPU
		{7FB45CC5-9CA4-4DC0-BA79-0F9D916AE943}.Debug|x64.ActiveCfg = Debug|Any CPU
		{7FB45CC5-9CA4-4DC0-BA79-0F9D916AE943}.Debug|x64.Build.0 = Debug|Any CPU
		{7FB45CC5-9CA4-4DC0-BA79-0F9D916AE943}.Debug|x86.ActiveCfg = Debug|Any CPU
		{7FB45CC5-9CA4-4DC0-BA79-0F9D916AE943}.Debug|x86.Build.0 = Debug|Any CPU
		{7FB45CC5-9CA4-4DC0-BA79-0F9D916AE943}.Release|Any CPU.ActiveCfg = Release|Any CPU
		{7FB45CC5-9CA4-4DC0-BA79-0F9D916AE943}.Release|Any CPU.Build.0 = Release|Any CPU
		{7FB45CC5-9CA4-4DC0-BA79-0F9D916AE943}.Release|x64.ActiveCfg = Release|Any CPU
		{7FB45CC5-9CA4-4DC0-BA79-0F9D916AE943}.Release|x64.Build.0 = Release|Any CPU
		{7FB45CC5-9CA4-4DC0-BA79-0F9D916AE943}.Release|x86.ActiveCfg = Release|Any CPU
		{7FB45CC5-9CA4-4DC0-BA79-0F9D916AE943}.Release|x86.Build.0 = Release|Any CPU
		{7C33B3E3-E512-43B4-8489-AAAD06FD2575}.Debug|Any CPU.ActiveCfg = Debug|Any CPU
		{7C33B3E3-E512-43B4-8489-AAAD06FD2575}.Debug|Any CPU.Build.0 = Debug|Any CPU
		{7C33B3E3-E512-43B4-8489-AAAD06FD2575}.Debug|x64.ActiveCfg = Debug|Any CPU
		{7C33B3E3-E512-43B4-8489-AAAD06FD2575}.Debug|x64.Build.0 = Debug|Any CPU
		{7C33B3E3-E512-43B4-8489-AAAD06FD2575}.Debug|x86.ActiveCfg = Debug|Any CPU
		{7C33B3E3-E512-43B4-8489-AAAD06FD2575}.Debug|x86.Build.0 = Debug|Any CPU
		{7C33B3E3-E512-43B4-8489-AAAD06FD2575}.Release|Any CPU.ActiveCfg = Release|Any CPU
		{7C33B3E3-E512-43B4-8489-AAAD06FD2575}.Release|Any CPU.Build.0 = Release|Any CPU
		{7C33B3E3-E512-43B4-8489-AAAD06FD2575}.Release|x64.ActiveCfg = Release|Any CPU
		{7C33B3E3-E512-43B4-8489-AAAD06FD2575}.Release|x64.Build.0 = Release|Any CPU
		{7C33B3E3-E512-43B4-8489-AAAD06FD2575}.Release|x86.ActiveCfg = Release|Any CPU
		{7C33B3E3-E512-43B4-8489-AAAD06FD2575}.Release|x86.Build.0 = Release|Any CPU
		{5F00A36D-1DDF-4E5C-9593-24EAC344A693}.Debug|Any CPU.ActiveCfg = Debug|Any CPU
		{5F00A36D-1DDF-4E5C-9593-24EAC344A693}.Debug|Any CPU.Build.0 = Debug|Any CPU
		{5F00A36D-1DDF-4E5C-9593-24EAC344A693}.Debug|x64.ActiveCfg = Debug|Any CPU
		{5F00A36D-1DDF-4E5C-9593-24EAC344A693}.Debug|x64.Build.0 = Debug|Any CPU
		{5F00A36D-1DDF-4E5C-9593-24EAC344A693}.Debug|x86.ActiveCfg = Debug|Any CPU
		{5F00A36D-1DDF-4E5C-9593-24EAC344A693}.Debug|x86.Build.0 = Debug|Any CPU
		{5F00A36D-1DDF-4E5C-9593-24EAC344A693}.Release|Any CPU.ActiveCfg = Release|Any CPU
		{5F00A36D-1DDF-4E5C-9593-24EAC344A693}.Release|Any CPU.Build.0 = Release|Any CPU
		{5F00A36D-1DDF-4E5C-9593-24EAC344A693}.Release|x64.ActiveCfg = Release|Any CPU
		{5F00A36D-1DDF-4E5C-9593-24EAC344A693}.Release|x64.Build.0 = Release|Any CPU
		{5F00A36D-1DDF-4E5C-9593-24EAC344A693}.Release|x86.ActiveCfg = Release|Any CPU
		{5F00A36D-1DDF-4E5C-9593-24EAC344A693}.Release|x86.Build.0 = Release|Any CPU
		{FA1A246E-183C-4718-9AD9-53D0B972A4D2}.Debug|Any CPU.ActiveCfg = Debug|Any CPU
		{FA1A246E-183C-4718-9AD9-53D0B972A4D2}.Debug|Any CPU.Build.0 = Debug|Any CPU
		{FA1A246E-183C-4718-9AD9-53D0B972A4D2}.Debug|x64.ActiveCfg = Debug|Any CPU
		{FA1A246E-183C-4718-9AD9-53D0B972A4D2}.Debug|x64.Build.0 = Debug|Any CPU
		{FA1A246E-183C-4718-9AD9-53D0B972A4D2}.Debug|x86.ActiveCfg = Debug|Any CPU
		{FA1A246E-183C-4718-9AD9-53D0B972A4D2}.Debug|x86.Build.0 = Debug|Any CPU
		{FA1A246E-183C-4718-9AD9-53D0B972A4D2}.Release|Any CPU.ActiveCfg = Release|Any CPU
		{FA1A246E-183C-4718-9AD9-53D0B972A4D2}.Release|Any CPU.Build.0 = Release|Any CPU
		{FA1A246E-183C-4718-9AD9-53D0B972A4D2}.Release|x64.ActiveCfg = Release|Any CPU
		{FA1A246E-183C-4718-9AD9-53D0B972A4D2}.Release|x64.Build.0 = Release|Any CPU
		{FA1A246E-183C-4718-9AD9-53D0B972A4D2}.Release|x86.ActiveCfg = Release|Any CPU
		{FA1A246E-183C-4718-9AD9-53D0B972A4D2}.Release|x86.Build.0 = Release|Any CPU
		{D125446D-E682-4FB5-A794-6B7634937DF2}.Debug|Any CPU.ActiveCfg = Debug|Any CPU
		{D125446D-E682-4FB5-A794-6B7634937DF2}.Debug|Any CPU.Build.0 = Debug|Any CPU
		{D125446D-E682-4FB5-A794-6B7634937DF2}.Debug|x64.ActiveCfg = Debug|Any CPU
		{D125446D-E682-4FB5-A794-6B7634937DF2}.Debug|x64.Build.0 = Debug|Any CPU
		{D125446D-E682-4FB5-A794-6B7634937DF2}.Debug|x86.ActiveCfg = Debug|Any CPU
		{D125446D-E682-4FB5-A794-6B7634937DF2}.Debug|x86.Build.0 = Debug|Any CPU
		{D125446D-E682-4FB5-A794-6B7634937DF2}.Release|Any CPU.ActiveCfg = Release|Any CPU
		{D125446D-E682-4FB5-A794-6B7634937DF2}.Release|Any CPU.Build.0 = Release|Any CPU
		{D125446D-E682-4FB5-A794-6B7634937DF2}.Release|x64.ActiveCfg = Release|Any CPU
		{D125446D-E682-4FB5-A794-6B7634937DF2}.Release|x64.Build.0 = Release|Any CPU
		{D125446D-E682-4FB5-A794-6B7634937DF2}.Release|x86.ActiveCfg = Release|Any CPU
		{D125446D-E682-4FB5-A794-6B7634937DF2}.Release|x86.Build.0 = Release|Any CPU
		{0E4EEC3F-E0B6-4111-A5C3-4C205F6A4583}.Debug|Any CPU.ActiveCfg = Debug|Any CPU
		{0E4EEC3F-E0B6-4111-A5C3-4C205F6A4583}.Debug|Any CPU.Build.0 = Debug|Any CPU
		{0E4EEC3F-E0B6-4111-A5C3-4C205F6A4583}.Debug|x64.ActiveCfg = Debug|Any CPU
		{0E4EEC3F-E0B6-4111-A5C3-4C205F6A4583}.Debug|x64.Build.0 = Debug|Any CPU
		{0E4EEC3F-E0B6-4111-A5C3-4C205F6A4583}.Debug|x86.ActiveCfg = Debug|Any CPU
		{0E4EEC3F-E0B6-4111-A5C3-4C205F6A4583}.Debug|x86.Build.0 = Debug|Any CPU
		{0E4EEC3F-E0B6-4111-A5C3-4C205F6A4583}.Release|Any CPU.ActiveCfg = Release|Any CPU
		{0E4EEC3F-E0B6-4111-A5C3-4C205F6A4583}.Release|Any CPU.Build.0 = Release|Any CPU
		{0E4EEC3F-E0B6-4111-A5C3-4C205F6A4583}.Release|x64.ActiveCfg = Release|Any CPU
		{0E4EEC3F-E0B6-4111-A5C3-4C205F6A4583}.Release|x64.Build.0 = Release|Any CPU
		{0E4EEC3F-E0B6-4111-A5C3-4C205F6A4583}.Release|x86.ActiveCfg = Release|Any CPU
		{0E4EEC3F-E0B6-4111-A5C3-4C205F6A4583}.Release|x86.Build.0 = Release|Any CPU
		{0330E041-65D7-42FC-959A-B1C3E2CC317C}.Debug|Any CPU.ActiveCfg = Debug|Any CPU
		{0330E041-65D7-42FC-959A-B1C3E2CC317C}.Debug|Any CPU.Build.0 = Debug|Any CPU
		{0330E041-65D7-42FC-959A-B1C3E2CC317C}.Debug|x64.ActiveCfg = Debug|Any CPU
		{0330E041-65D7-42FC-959A-B1C3E2CC317C}.Debug|x64.Build.0 = Debug|Any CPU
		{0330E041-65D7-42FC-959A-B1C3E2CC317C}.Debug|x86.ActiveCfg = Debug|Any CPU
		{0330E041-65D7-42FC-959A-B1C3E2CC317C}.Debug|x86.Build.0 = Debug|Any CPU
		{0330E041-65D7-42FC-959A-B1C3E2CC317C}.Release|Any CPU.ActiveCfg = Release|Any CPU
		{0330E041-65D7-42FC-959A-B1C3E2CC317C}.Release|Any CPU.Build.0 = Release|Any CPU
		{0330E041-65D7-42FC-959A-B1C3E2CC317C}.Release|x64.ActiveCfg = Release|Any CPU
		{0330E041-65D7-42FC-959A-B1C3E2CC317C}.Release|x64.Build.0 = Release|Any CPU
		{0330E041-65D7-42FC-959A-B1C3E2CC317C}.Release|x86.ActiveCfg = Release|Any CPU
		{0330E041-65D7-42FC-959A-B1C3E2CC317C}.Release|x86.Build.0 = Release|Any CPU
		{EC3A8E9B-7AE3-4547-A19C-3541D411240F}.Debug|Any CPU.ActiveCfg = Debug|Any CPU
		{EC3A8E9B-7AE3-4547-A19C-3541D411240F}.Debug|Any CPU.Build.0 = Debug|Any CPU
		{EC3A8E9B-7AE3-4547-A19C-3541D411240F}.Debug|x64.ActiveCfg = Debug|Any CPU
		{EC3A8E9B-7AE3-4547-A19C-3541D411240F}.Debug|x64.Build.0 = Debug|Any CPU
		{EC3A8E9B-7AE3-4547-A19C-3541D411240F}.Debug|x86.ActiveCfg = Debug|Any CPU
		{EC3A8E9B-7AE3-4547-A19C-3541D411240F}.Debug|x86.Build.0 = Debug|Any CPU
		{EC3A8E9B-7AE3-4547-A19C-3541D411240F}.Release|Any CPU.ActiveCfg = Release|Any CPU
		{EC3A8E9B-7AE3-4547-A19C-3541D411240F}.Release|Any CPU.Build.0 = Release|Any CPU
		{EC3A8E9B-7AE3-4547-A19C-3541D411240F}.Release|x64.ActiveCfg = Release|Any CPU
		{EC3A8E9B-7AE3-4547-A19C-3541D411240F}.Release|x64.Build.0 = Release|Any CPU
		{EC3A8E9B-7AE3-4547-A19C-3541D411240F}.Release|x86.ActiveCfg = Release|Any CPU
		{EC3A8E9B-7AE3-4547-A19C-3541D411240F}.Release|x86.Build.0 = Release|Any CPU
	EndGlobalSection
	GlobalSection(NestedProjects) = preSolution
		{7FB45CC5-9CA4-4DC0-BA79-0F9D916AE943} = {9594B07E-424D-4A14-B3F2-63D6223626CF}
		{FA1A246E-183C-4718-9AD9-53D0B972A4D2} = {9594B07E-424D-4A14-B3F2-63D6223626CF}
		{7C33B3E3-E512-43B4-8489-AAAD06FD2575} = {45F86648-E7CF-4B40-A8E1-315EA25488AC}
		{0330E041-65D7-42FC-959A-B1C3E2CC317C} = {45F86648-E7CF-4B40-A8E1-315EA25488AC}
		{5F00A36D-1DDF-4E5C-9593-24EAC344A693} = {45F86648-E7CF-4B40-A8E1-315EA25488AC}
		{D125446D-E682-4FB5-A794-6B7634937DF2} = {45F86648-E7CF-4B40-A8E1-315EA25488AC}
		{0E4EEC3F-E0B6-4111-A5C3-4C205F6A4583} = {45F86648-E7CF-4B40-A8E1-315EA25488AC}
		{EC3A8E9B-7AE3-4547-A19C-3541D411240F} = {B99B4177-1368-4A46-8155-00A8662210BD}
	EndGlobalSection
EndGlobal
