
Microsoft Visual Studio Solution File, Format Version 12.00
# Visual Studio 15
VisualStudioVersion = 15.0.26124.0
MinimumVisualStudioVersion = 15.0.26124.0
Project("{FAE04EC0-301F-11D3-BF4B-00C04F79EFBC}") = "OrderCommon", "src\OrderCommon\OrderCommon.csproj", "{7FB45CC5-9CA4-4DC0-BA79-0F9D916AE943}"
EndProject
Project("{FAE04EC0-301F-11D3-BF4B-00C04F79EFBC}") = "Order.Api", "src\Order.Api\Order.Api.csproj", "{7C33B3E3-E512-43B4-8489-AAAD06FD2575}"
EndProject
Project("{FAE04EC0-301F-11D3-BF4B-00C04F79EFBC}") = "OrderSaga.Service", "src\OrderSaga.Service\OrderSaga.Service.csproj", "{5F00A36D-1DDF-4E5C-9593-24EAC344A693}"
EndProject
Project("{FAE04EC0-301F-11D3-BF4B-00C04F79EFBC}") = "OrderSaga", "src\OrderSaga\OrderSaga.csproj", "{FA1A246E-183C-4718-9AD9-53D0B972A4D2}"
EndProject
Project("{FAE04EC0-301F-11D3-BF4B-00C04F79EFBC}") = "Payment.Service", "src\Payment.Service\Payment.Service.csproj", "{D125446D-E682-4FB5-A794-6B7634937DF2}"
EndProject
Project("{FAE04EC0-301F-11D3-BF4B-00C04F79EFBC}") = "Stock.Service", "src\Stock.Service\Stock.Service.csproj", "{0E4EEC3F-E0B6-4111-A5C3-4C205F6A4583}"
EndProject
Project("{FAE04EC0-301F-11D3-BF4B-00C04F79EFBC}") = "Order.Service", "src\Order.Service\Order.Service.csproj", "{0330E041-65D7-42FC-959A-B1C3E2CC317C}"
EndProject
Global
	GlobalSection(SolutionConfigurationPlatforms) = preSolution
		Debug|Any CPU = Debug|Any CPU
		Debug|x64 = Debug|x64
		Debug|x86 = Debug|x86
		Release|Any CPU = Release|Any CPU
		Release|x64 = Release|x64
		Release|x86 = Release|x86
	EndGlobalSection
	GlobalSection(SolutionProperties) = preSolution
		HideSolutionNode = FALSE
	EndGlobalSection
	GlobalSection(ProjectConfigurationPlatforms) = postSolution
		{7FB45CC5-9CA4-4DC0-BA79-0F9D916AE943}.Debug|Any CPU.ActiveCfg = Debug|Any CPU
		{7FB45CC5-9CA4-4DC0-BA79-0F9D916AE943}.Debug|Any CPU.Build.0 = Debug|Any CPU
		{7FB45CC5-9CA4-4DC0-BA79-0F9D916AE943}.Debug|x64.ActiveCfg = Debug|Any CPU
		{7FB45CC5-9CA4-4DC0-BA79-0F9D916AE943}.Debug|x64.Build.0 = Debug|Any CPU
		{7FB45CC5-9CA4-4DC0-BA79-0F9D916AE943}.Debug|x86.ActiveCfg = Debug|Any CPU
		{7FB45CC5-9CA4-4DC0-BA79-0F9D916AE943}.Debug|x86.Build.0 = Debug|Any CPU
		{7FB45CC5-9CA4-4DC0-BA79-0F9D916AE943}.Release|Any CPU.ActiveCfg = Release|Any CPU
		{7FB45CC5-9CA4-4DC0-BA79-0F9D916AE943}.Release|Any CPU.Build.0 = Release|Any CPU
		{7FB45CC5-9CA4-4DC0-BA79-0F9D916AE943}.Release|x64.ActiveCfg = Release|Any CPU
		{7FB45CC5-9CA4-4DC0-BA79-0F9D916AE943}.Release|x64.Build.0 = Release|Any CPU
		{7FB45CC5-9CA4-4DC0-BA79-0F9D916AE943}.Release|x86.ActiveCfg = Release|Any CPU
		{7FB45CC5-9CA4-4DC0-BA79-0F9D916AE943}.Release|x86.Build.0 = Release|Any CPU
		{7C33B3E3-E512-43B4-8489-AAAD06FD2575}.Debug|Any CPU.ActiveCfg = Debug|Any CPU
		{7C33B3E3-E512-43B4-8489-AAAD06FD2575}.Debug|Any CPU.Build.0 = Debug|Any CPU
		{7C33B3E3-E512-43B4-8489-AAAD06FD2575}.Debug|x64.ActiveCfg = Debug|Any CPU
		{7C33B3E3-E512-43B4-8489-AAAD06FD2575}.Debug|x64.Build.0 = Debug|Any CPU
		{7C33B3E3-E512-43B4-8489-AAAD06FD2575}.Debug|x86.ActiveCfg = Debug|Any CPU
		{7C33B3E3-E512-43B4-8489-AAAD06FD2575}.Debug|x86.Build.0 = Debug|Any CPU
		{7C33B3E3-E512-43B4-8489-AAAD06FD2575}.Release|Any CPU.ActiveCfg = Release|Any CPU
		{7C33B3E3-E512-43B4-8489-AAAD06FD2575}.Release|Any CPU.Build.0 = Release|Any CPU
		{7C33B3E3-E512-43B4-8489-AAAD06FD2575}.Release|x64.ActiveCfg = Release|Any CPU
		{7C33B3E3-E512-43B4-8489-AAAD06FD2575}.Release|x64.Build.0 = Release|Any CPU
		{7C33B3E3-E512-43B4-8489-AAAD06FD2575}.Release|x86.ActiveCfg = Release|Any CPU
		{7C33B3E3-E512-43B4-8489-AAAD06FD2575}.Release|x86.Build.0 = Release|Any CPU
		{5F00A36D-1DDF-4E5C-9593-24EAC344A693}.Debug|Any CPU.ActiveCfg = Debug|Any CPU
		{5F00A36D-1DDF-4E5C-9593-24EAC344A693}.Debug|Any CPU.Build.0 = Debug|Any CPU
		{5F00A36D-1DDF-4E5C-9593-24EAC344A693}.Debug|x64.ActiveCfg = Debug|Any CPU
		{5F00A36D-1DDF-4E5C-9593-24EAC344A693}.Debug|x64.Build.0 = Debug|Any CPU
		{5F00A36D-1DDF-4E5C-9593-24EAC344A693}.Debug|x86.ActiveCfg = Debug|Any CPU
		{5F00A36D-1DDF-4E5C-9593-24EAC344A693}.Debug|x86.Build.0 = Debug|Any CPU
		{5F00A36D-1DDF-4E5C-9593-24EAC344A693}.Release|Any CPU.ActiveCfg = Release|Any CPU
		{5F00A36D-1DDF-4E5C-9593-24EAC344A693}.Release|Any CPU.Build.0 = Release|Any CPU
		{5F00A36D-1DDF-4E5C-9593-24EAC344A693}.Release|x64.ActiveCfg = Release|Any CPU
		{5F00A36D-1DDF-4E5C-9593-24EAC344A693}.Release|x64.Build.0 = Release|Any CPU
		{5F00A36D-1DDF-4E5C-9593-24EAC344A693}.Release|x86.ActiveCfg = Release|Any CPU
		{5F00A36D-1DDF-4E5C-9593-24EAC344A693}.Release|x86.Build.0 = Release|Any CPU
		{FA1A246E-183C-4718-9AD9-53D0B972A4D2}.Debug|Any CPU.ActiveCfg = Debug|Any CPU
		{FA1A246E-183C-4718-9AD9-53D0B972A4D2}.Debug|Any CPU.Build.0 = Debug|Any CPU
		{FA1A246E-183C-4718-9AD9-53D0B972A4D2}.Debug|x64.ActiveCfg = Debug|Any CPU
		{FA1A246E-183C-4718-9AD9-53D0B972A4D2}.Debug|x64.Build.0 = Debug|Any CPU
		{FA1A246E-183C-4718-9AD9-53D0B972A4D2}.Debug|x86.ActiveCfg = Debug|Any CPU
		{FA1A246E-183C-4718-9AD9-53D0B972A4D2}.Debug|x86.Build.0 = Debug|Any CPU
		{FA1A246E-183C-4718-9AD9-53D0B972A4D2}.Release|Any CPU.ActiveCfg = Release|Any CPU
		{FA1A246E-183C-4718-9AD9-53D0B972A4D2}.Release|Any CPU.Build.0 = Release|Any CPU
		{FA1A246E-183C-4718-9AD9-53D0B972A4D2}.Release|x64.ActiveCfg = Release|Any CPU
		{FA1A246E-183C-4718-9AD9-53D0B972A4D2}.Release|x64.Build.0 = Release|Any CPU
		{FA1A246E-183C-4718-9AD9-53D0B972A4D2}.Release|x86.ActiveCfg = Release|Any CPU
		{FA1A246E-183C-4718-9AD9-53D0B972A4D2}.Release|x86.Build.0 = Release|Any CPU
		{D125446D-E682-4FB5-A794-6B7634937DF2}.Debug|Any CPU.ActiveCfg = Debug|Any CPU
		{D125446D-E682-4FB5-A794-6B7634937DF2}.Debug|Any CPU.Build.0 = Debug|Any CPU
		{D125446D-E682-4FB5-A794-6B7634937DF2}.Debug|x64.ActiveCfg = Debug|Any CPU
		{D125446D-E682-4FB5-A794-6B7634937DF2}.Debug|x64.Build.0 = Debug|Any CPU
		{D125446D-E682-4FB5-A794-6B7634937DF2}.Debug|x86.ActiveCfg = Debug|Any CPU
		{D125446D-E682-4FB5-A794-6B7634937DF2}.Debug|x86.Build.0 = Debug|Any CPU
		{D125446D-E682-4FB5-A794-6B7634937DF2}.Release|Any CPU.ActiveCfg = Release|Any CPU
		{D125446D-E682-4FB5-A794-6B7634937DF2}.Release|Any CPU.Build.0 = Release|Any CPU
		{D125446D-E682-4FB5-A794-6B7634937DF2}.Release|x64.ActiveCfg = Release|Any CPU
		{D125446D-E682-4FB5-A794-6B7634937DF2}.Release|x64.Build.0 = Release|Any CPU
		{D125446D-E682-4FB5-A794-6B7634937DF2}.Release|x86.ActiveCfg = Release|Any CPU
		{D125446D-E682-4FB5-A794-6B7634937DF2}.Release|x86.Build.0 = Release|Any CPU
		{0E4EEC3F-E0B6-4111-A5C3-4C205F6A4583}.Debug|Any CPU.ActiveCfg = Debug|Any CPU
		{0E4EEC3F-E0B6-4111-A5C3-4C205F6A4583}.Debug|Any CPU.Build.0 = Debug|Any CPU
		{0E4EEC3F-E0B6-4111-A5C3-4C205F6A4583}.Debug|x64.ActiveCfg = Debug|Any CPU
		{0E4EEC3F-E0B6-4111-A5C3-4C205F6A4583}.Debug|x64.Build.0 = Debug|Any CPU
		{0E4EEC3F-E0B6-4111-A5C3-4C205F6A4583}.Debug|x86.ActiveCfg = Debug|Any CPU
		{0E4EEC3F-E0B6-4111-A5C3-4C205F6A4583}.Debug|x86.Build.0 = Debug|Any CPU
		{0E4EEC3F-E0B6-4111-A5C3-4C205F6A4583}.Release|Any CPU.ActiveCfg = Release|Any CPU
		{0E4EEC3F-E0B6-4111-A5C3-4C205F6A4583}.Release|Any CPU.Build.0 = Release|Any CPU
		{0E4EEC3F-E0B6-4111-A5C3-4C205F6A4583}.Release|x64.ActiveCfg = Release|Any CPU
		{0E4EEC3F-E0B6-4111-A5C3-4C205F6A4583}.Release|x64.Build.0 = Release|Any CPU
		{0E4EEC3F-E0B6-4111-A5C3-4C205F6A4583}.Release|x86.ActiveCfg = Release|Any CPU
		{0E4EEC3F-E0B6-4111-A5C3-4C205F6A4583}.Release|x86.Build.0 = Release|Any CPU
		{0330E041-65D7-42FC-959A-B1C3E2CC317C}.Debug|Any CPU.ActiveCfg = Debug|Any CPU
		{0330E041-65D7-42FC-959A-B1C3E2CC317C}.Debug|Any CPU.Build.0 = Debug|Any CPU
		{0330E041-65D7-42FC-959A-B1C3E2CC317C}.Debug|x64.ActiveCfg = Debug|Any CPU
		{0330E041-65D7-42FC-959A-B1C3E2CC317C}.Debug|x64.Build.0 = Debug|Any CPU
		{0330E041-65D7-42FC-959A-B1C3E2CC317C}.Debug|x86.ActiveCfg = Debug|Any CPU
		{0330E041-65D7-42FC-959A-B1C3E2CC317C}.Debug|x86.Build.0 = Debug|Any CPU
		{0330E041-65D7-42FC-959A-B1C3E2CC317C}.Release|Any CPU.ActiveCfg = Release|Any CPU
		{0330E041-65D7-42FC-959A-B1C3E2CC317C}.Release|Any CPU.Build.0 = Release|Any CPU
		{0330E041-65D7-42FC-959A-B1C3E2CC317C}.Release|x64.ActiveCfg = Release|Any CPU
		{0330E041-65D7-42FC-959A-B1C3E2CC317C}.Release|x64.Build.0 = Release|Any CPU
		{0330E041-65D7-42FC-959A-B1C3E2CC317C}.Release|x86.ActiveCfg = Release|Any CPU
		{0330E041-65D7-42FC-959A-B1C3E2CC317C}.Release|x86.Build.0 = Release|Any CPU
	EndGlobalSection
EndGlobal
